
Microsoft Visual Studio Solution File, Format Version 12.00
# Visual Studio 15
VisualStudioVersion = 15.0.28307.271
MinimumVisualStudioVersion = 10.0.40219.1
Project("{2150E333-8FDC-42A3-9474-1A3956D46DE8}") = "src", "src", "{0DDEC319-B9BD-4E3D-B94A-F9822A9AC75B}"
EndProject
Project("{2150E333-8FDC-42A3-9474-1A3956D46DE8}") = "test", "test", "{7705C680-316B-44B1-8563-49AB5BA5C8E6}"
EndProject
Project("{9A19103F-16F7-4668-BE54-9A1E7A4F7556}") = "MPACore.PhoneBook.Application", "PhoneBook\src\MPACore.PhoneBook.Application\MPACore.PhoneBook.Application.csproj", "{5EA79DF0-E53C-4B9B-A882-8B2F454FF608}"
EndProject
Project("{9A19103F-16F7-4668-BE54-9A1E7A4F7556}") = "MPACore.PhoneBook.Core", "PhoneBook\src\MPACore.PhoneBook.Core\MPACore.PhoneBook.Core.csproj", "{9EBDF7D9-4918-47C1-8C17-8A5D90869B51}"
EndProject
Project("{9A19103F-16F7-4668-BE54-9A1E7A4F7556}") = "MPACore.PhoneBook.EntityFrameworkCore", "PhoneBook\src\MPACore.PhoneBook.EntityFrameworkCore\MPACore.PhoneBook.EntityFrameworkCore.csproj", "{CD432122-79ED-4928-82ED-78A7201EADD7}"
EndProject
Project("{9A19103F-16F7-4668-BE54-9A1E7A4F7556}") = "MPACore.PhoneBook.Migrator", "PhoneBook\src\MPACore.PhoneBook.Migrator\MPACore.PhoneBook.Migrator.csproj", "{6CDBDDDA-8244-4B4F-BF45-5E8C4EFCACD7}"
EndProject
Project("{9A19103F-16F7-4668-BE54-9A1E7A4F7556}") = "MPACore.PhoneBook.Web.Core", "PhoneBook\src\MPACore.PhoneBook.Web.Core\MPACore.PhoneBook.Web.Core.csproj", "{9104E181-1177-4E6A-88F2-3E0066B46313}"
EndProject
Project("{9A19103F-16F7-4668-BE54-9A1E7A4F7556}") = "MPACore.PhoneBook.Web.Host", "PhoneBook\src\MPACore.PhoneBook.Web.Host\MPACore.PhoneBook.Web.Host.csproj", "{828B53D2-4869-48C7-9291-C18AD9A0D858}"
EndProject
Project("{9A19103F-16F7-4668-BE54-9A1E7A4F7556}") = "MPACore.PhoneBook.Web.Mvc", "PhoneBook\src\MPACore.PhoneBook.Web.Mvc\MPACore.PhoneBook.Web.Mvc.csproj", "{FA24BA1E-4DBC-4992-9E8F-894323F180D3}"
EndProject
Project("{9A19103F-16F7-4668-BE54-9A1E7A4F7556}") = "MPACore.PhoneBook.Tests", "PhoneBook\test\MPACore.PhoneBook.Tests\MPACore.PhoneBook.Tests.csproj", "{827C6DBA-8A8D-4BF8-879E-190685EE5C0D}"
EndProject
Global
	GlobalSection(SolutionConfigurationPlatforms) = preSolution
		Debug|Any CPU = Debug|Any CPU
		Release|Any CPU = Release|Any CPU
	EndGlobalSection
	GlobalSection(ProjectConfigurationPlatforms) = postSolution
		{5EA79DF0-E53C-4B9B-A882-8B2F454FF608}.Debug|Any CPU.ActiveCfg = Debug|Any CPU
		{5EA79DF0-E53C-4B9B-A882-8B2F454FF608}.Debug|Any CPU.Build.0 = Debug|Any CPU
		{5EA79DF0-E53C-4B9B-A882-8B2F454FF608}.Release|Any CPU.ActiveCfg = Release|Any CPU
		{5EA79DF0-E53C-4B9B-A882-8B2F454FF608}.Release|Any CPU.Build.0 = Release|Any CPU
		{9EBDF7D9-4918-47C1-8C17-8A5D90869B51}.Debug|Any CPU.ActiveCfg = Debug|Any CPU
		{9EBDF7D9-4918-47C1-8C17-8A5D90869B51}.Debug|Any CPU.Build.0 = Debug|Any CPU
		{9EBDF7D9-4918-47C1-8C17-8A5D90869B51}.Release|Any CPU.ActiveCfg = Release|Any CPU
		{9EBDF7D9-4918-47C1-8C17-8A5D90869B51}.Release|Any CPU.Build.0 = Release|Any CPU
		{CD432122-79ED-4928-82ED-78A7201EADD7}.Debug|Any CPU.ActiveCfg = Debug|Any CPU
		{CD432122-79ED-4928-82ED-78A7201EADD7}.Debug|Any CPU.Build.0 = Debug|Any CPU
		{CD432122-79ED-4928-82ED-78A7201EADD7}.Release|Any CPU.ActiveCfg = Release|Any CPU
		{CD432122-79ED-4928-82ED-78A7201EADD7}.Release|Any CPU.Build.0 = Release|Any CPU
		{6CDBDDDA-8244-4B4F-BF45-5E8C4EFCACD7}.Debug|Any CPU.ActiveCfg = Debug|Any CPU
		{6CDBDDDA-8244-4B4F-BF45-5E8C4EFCACD7}.Debug|Any CPU.Build.0 = Debug|Any CPU
		{6CDBDDDA-8244-4B4F-BF45-5E8C4EFCACD7}.Release|Any CPU.ActiveCfg = Release|Any CPU
		{6CDBDDDA-8244-4B4F-BF45-5E8C4EFCACD7}.Release|Any CPU.Build.0 = Release|Any CPU
		{9104E181-1177-4E6A-88F2-3E0066B46313}.Debug|Any CPU.ActiveCfg = Debug|Any CPU
		{9104E181-1177-4E6A-88F2-3E0066B46313}.Debug|Any CPU.Build.0 = Debug|Any CPU
		{9104E181-1177-4E6A-88F2-3E0066B46313}.Release|Any CPU.ActiveCfg = Release|Any CPU
		{9104E181-1177-4E6A-88F2-3E0066B46313}.Release|Any CPU.Build.0 = Release|Any CPU
		{828B53D2-4869-48C7-9291-C18AD9A0D858}.Debug|Any CPU.ActiveCfg = Debug|Any CPU
		{828B53D2-4869-48C7-9291-C18AD9A0D858}.Debug|Any CPU.Build.0 = Debug|Any CPU
		{828B53D2-4869-48C7-9291-C18AD9A0D858}.Release|Any CPU.ActiveCfg = Release|Any CPU
		{828B53D2-4869-48C7-9291-C18AD9A0D858}.Release|Any CPU.Build.0 = Release|Any CPU
		{FA24BA1E-4DBC-4992-9E8F-894323F180D3}.Debug|Any CPU.ActiveCfg = Debug|Any CPU
		{FA24BA1E-4DBC-4992-9E8F-894323F180D3}.Debug|Any CPU.Build.0 = Debug|Any CPU
		{FA24BA1E-4DBC-4992-9E8F-894323F180D3}.Release|Any CPU.ActiveCfg = Release|Any CPU
		{FA24BA1E-4DBC-4992-9E8F-894323F180D3}.Release|Any CPU.Build.0 = Release|Any CPU
		{827C6DBA-8A8D-4BF8-879E-190685EE5C0D}.Debug|Any CPU.ActiveCfg = Debug|Any CPU
		{827C6DBA-8A8D-4BF8-879E-190685EE5C0D}.Debug|Any CPU.Build.0 = Debug|Any CPU
		{827C6DBA-8A8D-4BF8-879E-190685EE5C0D}.Release|Any CPU.ActiveCfg = Release|Any CPU
		{827C6DBA-8A8D-4BF8-879E-190685EE5C0D}.Release|Any CPU.Build.0 = Release|Any CPU
	EndGlobalSection
	GlobalSection(SolutionProperties) = preSolution
		HideSolutionNode = FALSE
	EndGlobalSection
	GlobalSection(NestedProjects) = preSolution
		{5EA79DF0-E53C-4B9B-A882-8B2F454FF608} = {0DDEC319-B9BD-4E3D-B94A-F9822A9AC75B}
		{9EBDF7D9-4918-47C1-8C17-8A5D90869B51} = {0DDEC319-B9BD-4E3D-B94A-F9822A9AC75B}
		{CD432122-79ED-4928-82ED-78A7201EADD7} = {0DDEC319-B9BD-4E3D-B94A-F9822A9AC75B}
		{6CDBDDDA-8244-4B4F-BF45-5E8C4EFCACD7} = {0DDEC319-B9BD-4E3D-B94A-F9822A9AC75B}
		{9104E181-1177-4E6A-88F2-3E0066B46313} = {0DDEC319-B9BD-4E3D-B94A-F9822A9AC75B}
		{828B53D2-4869-48C7-9291-C18AD9A0D858} = {0DDEC319-B9BD-4E3D-B94A-F9822A9AC75B}
		{FA24BA1E-4DBC-4992-9E8F-894323F180D3} = {0DDEC319-B9BD-4E3D-B94A-F9822A9AC75B}
		{827C6DBA-8A8D-4BF8-879E-190685EE5C0D} = {7705C680-316B-44B1-8563-49AB5BA5C8E6}
	EndGlobalSection
	GlobalSection(ExtensibilityGlobals) = postSolution
		SolutionGuid = {04B1C41F-4360-409F-9298-7FADB104386F}
	EndGlobalSection
EndGlobal
